
Microsoft Visual Studio Solution File, Format Version 12.00
# Visual Studio Version 17
VisualStudioVersion = 17.3.32929.385
MinimumVisualStudioVersion = 10.0.40219.1
Project("{FAE04EC0-301F-11D3-BF4B-00C04F79EFBC}") = "TrexEndlessRunning", "TrexEndlessRunning\TrexEndlessRunning.csproj", "{0719827B-720F-4AAC-B5DF-BACAA8676F74}"
EndProject
Global
	GlobalSection(SolutionConfigurationPlatforms) = preSolution
		Debug|Any CPU = Debug|Any CPU
		Release|Any CPU = Release|Any CPU
	EndGlobalSection
	GlobalSection(ProjectConfigurationPlatforms) = postSolution
		{0719827B-720F-4AAC-B5DF-BACAA8676F74}.Debug|Any CPU.ActiveCfg = Debug|Any CPU
		{0719827B-720F-4AAC-B5DF-BACAA8676F74}.Debug|Any CPU.Build.0 = Debug|Any CPU
		{0719827B-720F-4AAC-B5DF-BACAA8676F74}.Release|Any CPU.ActiveCfg = Release|Any CPU
		{0719827B-720F-4AAC-B5DF-BACAA8676F74}.Release|Any CPU.Build.0 = Release|Any CPU
	EndGlobalSection
	GlobalSection(SolutionProperties) = preSolution
		HideSolutionNode = FALSE
	EndGlobalSection
	GlobalSection(ExtensibilityGlobals) = postSolution
		SolutionGuid = {3A9D6ADA-96C1-4093-B07B-50DFAD4C179F}
	EndGlobalSection
EndGlobal
