
Microsoft Visual Studio Solution File, Format Version 12.00
# Visual Studio Version 17
VisualStudioVersion = 17.3.32929.385
MinimumVisualStudioVersion = 10.0.40219.1
Project("{FAE04EC0-301F-11D3-BF4B-00C04F79EFBC}") = "proiect_numar", "proiect_numar\proiect_numar.csproj", "{B2D13719-44CF-40C7-A4C7-92AC903EE16E}"
EndProject
Global
	GlobalSection(SolutionConfigurationPlatforms) = preSolution
		Debug|Any CPU = Debug|Any CPU
		Release|Any CPU = Release|Any CPU
	EndGlobalSection
	GlobalSection(ProjectConfigurationPlatforms) = postSolution
		{B2D13719-44CF-40C7-A4C7-92AC903EE16E}.Debug|Any CPU.ActiveCfg = Debug|Any CPU
		{B2D13719-44CF-40C7-A4C7-92AC903EE16E}.Debug|Any CPU.Build.0 = Debug|Any CPU
		{B2D13719-44CF-40C7-A4C7-92AC903EE16E}.Release|Any CPU.ActiveCfg = Release|Any CPU
		{B2D13719-44CF-40C7-A4C7-92AC903EE16E}.Release|Any CPU.Build.0 = Release|Any CPU
	EndGlobalSection
	GlobalSection(SolutionProperties) = preSolution
		HideSolutionNode = FALSE
	EndGlobalSection
	GlobalSection(ExtensibilityGlobals) = postSolution
		SolutionGuid = {691A1827-D969-4AE2-AA4F-22B14E0272D5}
	EndGlobalSection
EndGlobal
